
Microsoft Visual Studio Solution File, Format Version 12.00
# Visual Studio Version 16
VisualStudioVersion = 16.0.30523.141
MinimumVisualStudioVersion = 10.0.40219.1
Project("{FAE04EC0-301F-11D3-BF4B-00C04F79EFBC}") = "ModeloDominio", "ModeloDominio\ModeloDominio.csproj", "{8B9D1548-D3DE-4376-8F52-CE6EC669E77C}"
EndProject
Project("{FAE04EC0-301F-11D3-BF4B-00C04F79EFBC}") = "LogicaNegocio", "LogicaNegocio\LogicaNegocio.csproj", "{01E1E8C9-47D3-436E-91C8-12F4B67CAFFF}"
EndProject
Project("{FAE04EC0-301F-11D3-BF4B-00C04F79EFBC}") = "SimulacionBD", "Persistencia\SimulacionBD.csproj", "{61F7DDF1-36DE-478B-8D09-B27AEBED2C9C}"
EndProject
Project("{FAE04EC0-301F-11D3-BF4B-00C04F79EFBC}") = "Presentacion", "Presentacion\Presentacion.csproj", "{AFC514E6-67D7-4CF6-A328-C4B744DBDC96}"
EndProject
Project("{FAE04EC0-301F-11D3-BF4B-00C04F79EFBC}") = "PersistenciaCliente", "PersistenciaCliente\PersistenciaCliente.csproj", "{DE0E3A24-5A3A-4A90-A700-186F0FBDA14E}"
EndProject
Project("{FAE04EC0-301F-11D3-BF4B-00C04F79EFBC}") = "PersistenciaVehiculo", "PersistenciaVehiculo\PersistenciaVehiculo.csproj", "{7430ECCC-B3C1-406C-A7AE-1DBE074D46D6}"
EndProject
Project("{FAE04EC0-301F-11D3-BF4B-00C04F79EFBC}") = "PersistenciaPresupuesto", "PersistenciaPresupuesto\PersistenciaPresupuesto.csproj", "{C8DBB085-9FEA-48D7-AE70-565F9817CCC8}"
EndProject
Project("{FAE04EC0-301F-11D3-BF4B-00C04F79EFBC}") = "LogicaNegocioCliente", "LogicaNegocioCliente\LogicaNegocioCliente.csproj", "{EA0CD87F-5D98-4F7E-8845-C6B12B6B5306}"
EndProject
Project("{FAE04EC0-301F-11D3-BF4B-00C04F79EFBC}") = "LogicaNegocioVehiculo", "LogicaNegocioVehiculo\LogicaNegocioVehiculo.csproj", "{BB1FFD7A-AAC3-4658-8302-E3C64CF50D59}"
	ProjectSection(ProjectDependencies) = postProject
		{7430ECCC-B3C1-406C-A7AE-1DBE074D46D6} = {7430ECCC-B3C1-406C-A7AE-1DBE074D46D6}
	EndProjectSection
EndProject
Project("{FAE04EC0-301F-11D3-BF4B-00C04F79EFBC}") = "LogicaNegocioPresupuesto", "LogicaNegocioPresupuesto\LogicaNegocioPresupuesto.csproj", "{51F951BB-A077-4B10-AB83-230925F50297}"
EndProject
Project("{FAE04EC0-301F-11D3-BF4B-00C04F79EFBC}") = "PresentacionCliente", "PresentacionCliente\PresentacionCliente.csproj", "{976C4667-3974-4D07-B0EC-A3552867AED9}"
EndProject
Project("{FAE04EC0-301F-11D3-BF4B-00C04F79EFBC}") = "PresentacionForms", "PresentacionForms\PresentacionForms.csproj", "{707FC581-8ABE-47D2-99CD-28B36293A51F}"
EndProject
Project("{FAE04EC0-301F-11D3-BF4B-00C04F79EFBC}") = "PresentacionVehiculo", "PresentacionVehiculo\PresentacionVehiculo.csproj", "{C1FEA080-0E08-4D5A-BABC-DEDC9A058FB2}"
EndProject
Project("{FAE04EC0-301F-11D3-BF4B-00C04F79EFBC}") = "PresentacionPresupuesto", "PresentacionPresupuesto\PresentacionPresupuesto.csproj", "{EA9F6FB3-992C-48DC-825B-41FA81D29C81}"
EndProject
Global
	GlobalSection(SolutionConfigurationPlatforms) = preSolution
		Debug|Any CPU = Debug|Any CPU
		Release|Any CPU = Release|Any CPU
	EndGlobalSection
	GlobalSection(ProjectConfigurationPlatforms) = postSolution
		{8B9D1548-D3DE-4376-8F52-CE6EC669E77C}.Debug|Any CPU.ActiveCfg = Debug|Any CPU
		{8B9D1548-D3DE-4376-8F52-CE6EC669E77C}.Debug|Any CPU.Build.0 = Debug|Any CPU
		{8B9D1548-D3DE-4376-8F52-CE6EC669E77C}.Release|Any CPU.ActiveCfg = Release|Any CPU
		{8B9D1548-D3DE-4376-8F52-CE6EC669E77C}.Release|Any CPU.Build.0 = Release|Any CPU
		{01E1E8C9-47D3-436E-91C8-12F4B67CAFFF}.Debug|Any CPU.ActiveCfg = Debug|Any CPU
		{01E1E8C9-47D3-436E-91C8-12F4B67CAFFF}.Debug|Any CPU.Build.0 = Debug|Any CPU
		{01E1E8C9-47D3-436E-91C8-12F4B67CAFFF}.Release|Any CPU.ActiveCfg = Release|Any CPU
		{01E1E8C9-47D3-436E-91C8-12F4B67CAFFF}.Release|Any CPU.Build.0 = Release|Any CPU
		{61F7DDF1-36DE-478B-8D09-B27AEBED2C9C}.Debug|Any CPU.ActiveCfg = Debug|Any CPU
		{61F7DDF1-36DE-478B-8D09-B27AEBED2C9C}.Debug|Any CPU.Build.0 = Debug|Any CPU
		{61F7DDF1-36DE-478B-8D09-B27AEBED2C9C}.Release|Any CPU.ActiveCfg = Release|Any CPU
		{61F7DDF1-36DE-478B-8D09-B27AEBED2C9C}.Release|Any CPU.Build.0 = Release|Any CPU
		{AFC514E6-67D7-4CF6-A328-C4B744DBDC96}.Debug|Any CPU.ActiveCfg = Debug|Any CPU
		{AFC514E6-67D7-4CF6-A328-C4B744DBDC96}.Debug|Any CPU.Build.0 = Debug|Any CPU
		{AFC514E6-67D7-4CF6-A328-C4B744DBDC96}.Release|Any CPU.ActiveCfg = Release|Any CPU
		{AFC514E6-67D7-4CF6-A328-C4B744DBDC96}.Release|Any CPU.Build.0 = Release|Any CPU
		{DE0E3A24-5A3A-4A90-A700-186F0FBDA14E}.Debug|Any CPU.ActiveCfg = Debug|Any CPU
		{DE0E3A24-5A3A-4A90-A700-186F0FBDA14E}.Debug|Any CPU.Build.0 = Debug|Any CPU
		{DE0E3A24-5A3A-4A90-A700-186F0FBDA14E}.Release|Any CPU.ActiveCfg = Release|Any CPU
		{DE0E3A24-5A3A-4A90-A700-186F0FBDA14E}.Release|Any CPU.Build.0 = Release|Any CPU
		{7430ECCC-B3C1-406C-A7AE-1DBE074D46D6}.Debug|Any CPU.ActiveCfg = Debug|Any CPU
		{7430ECCC-B3C1-406C-A7AE-1DBE074D46D6}.Debug|Any CPU.Build.0 = Debug|Any CPU
		{7430ECCC-B3C1-406C-A7AE-1DBE074D46D6}.Release|Any CPU.ActiveCfg = Release|Any CPU
		{7430ECCC-B3C1-406C-A7AE-1DBE074D46D6}.Release|Any CPU.Build.0 = Release|Any CPU
		{C8DBB085-9FEA-48D7-AE70-565F9817CCC8}.Debug|Any CPU.ActiveCfg = Debug|Any CPU
		{C8DBB085-9FEA-48D7-AE70-565F9817CCC8}.Debug|Any CPU.Build.0 = Debug|Any CPU
		{C8DBB085-9FEA-48D7-AE70-565F9817CCC8}.Release|Any CPU.ActiveCfg = Release|Any CPU
		{C8DBB085-9FEA-48D7-AE70-565F9817CCC8}.Release|Any CPU.Build.0 = Release|Any CPU
		{EA0CD87F-5D98-4F7E-8845-C6B12B6B5306}.Debug|Any CPU.ActiveCfg = Debug|Any CPU
		{EA0CD87F-5D98-4F7E-8845-C6B12B6B5306}.Debug|Any CPU.Build.0 = Debug|Any CPU
		{EA0CD87F-5D98-4F7E-8845-C6B12B6B5306}.Release|Any CPU.ActiveCfg = Release|Any CPU
		{EA0CD87F-5D98-4F7E-8845-C6B12B6B5306}.Release|Any CPU.Build.0 = Release|Any CPU
		{BB1FFD7A-AAC3-4658-8302-E3C64CF50D59}.Debug|Any CPU.ActiveCfg = Debug|Any CPU
		{BB1FFD7A-AAC3-4658-8302-E3C64CF50D59}.Debug|Any CPU.Build.0 = Debug|Any CPU
		{BB1FFD7A-AAC3-4658-8302-E3C64CF50D59}.Release|Any CPU.ActiveCfg = Release|Any CPU
		{BB1FFD7A-AAC3-4658-8302-E3C64CF50D59}.Release|Any CPU.Build.0 = Release|Any CPU
		{51F951BB-A077-4B10-AB83-230925F50297}.Debug|Any CPU.ActiveCfg = Debug|Any CPU
		{51F951BB-A077-4B10-AB83-230925F50297}.Debug|Any CPU.Build.0 = Debug|Any CPU
		{51F951BB-A077-4B10-AB83-230925F50297}.Release|Any CPU.ActiveCfg = Release|Any CPU
		{51F951BB-A077-4B10-AB83-230925F50297}.Release|Any CPU.Build.0 = Release|Any CPU
		{976C4667-3974-4D07-B0EC-A3552867AED9}.Debug|Any CPU.ActiveCfg = Debug|Any CPU
		{976C4667-3974-4D07-B0EC-A3552867AED9}.Debug|Any CPU.Build.0 = Debug|Any CPU
		{976C4667-3974-4D07-B0EC-A3552867AED9}.Release|Any CPU.ActiveCfg = Release|Any CPU
		{976C4667-3974-4D07-B0EC-A3552867AED9}.Release|Any CPU.Build.0 = Release|Any CPU
		{707FC581-8ABE-47D2-99CD-28B36293A51F}.Debug|Any CPU.ActiveCfg = Debug|Any CPU
		{707FC581-8ABE-47D2-99CD-28B36293A51F}.Debug|Any CPU.Build.0 = Debug|Any CPU
		{707FC581-8ABE-47D2-99CD-28B36293A51F}.Release|Any CPU.ActiveCfg = Release|Any CPU
		{707FC581-8ABE-47D2-99CD-28B36293A51F}.Release|Any CPU.Build.0 = Release|Any CPU
		{C1FEA080-0E08-4D5A-BABC-DEDC9A058FB2}.Debug|Any CPU.ActiveCfg = Debug|Any CPU
		{C1FEA080-0E08-4D5A-BABC-DEDC9A058FB2}.Debug|Any CPU.Build.0 = Debug|Any CPU
		{C1FEA080-0E08-4D5A-BABC-DEDC9A058FB2}.Release|Any CPU.ActiveCfg = Release|Any CPU
		{C1FEA080-0E08-4D5A-BABC-DEDC9A058FB2}.Release|Any CPU.Build.0 = Release|Any CPU
		{EA9F6FB3-992C-48DC-825B-41FA81D29C81}.Debug|Any CPU.ActiveCfg = Debug|Any CPU
		{EA9F6FB3-992C-48DC-825B-41FA81D29C81}.Debug|Any CPU.Build.0 = Debug|Any CPU
		{EA9F6FB3-992C-48DC-825B-41FA81D29C81}.Release|Any CPU.ActiveCfg = Release|Any CPU
		{EA9F6FB3-992C-48DC-825B-41FA81D29C81}.Release|Any CPU.Build.0 = Release|Any CPU
	EndGlobalSection
	GlobalSection(SolutionProperties) = preSolution
		HideSolutionNode = FALSE
	EndGlobalSection
	GlobalSection(ExtensibilityGlobals) = postSolution
		SolutionGuid = {230CD2E4-EA24-4AF8-96E2-AF4AAADDAE6D}
	EndGlobalSection
EndGlobal
