
Microsoft Visual Studio Solution File, Format Version 12.00
# Visual Studio Version 16
VisualStudioVersion = 16.0.30523.141
MinimumVisualStudioVersion = 10.0.40219.1
Project("{FAE04EC0-301F-11D3-BF4B-00C04F79EFBC}") = "ModeloDominio", "ModeloDominio\ModeloDominio.csproj", "{8B9D1548-D3DE-4376-8F52-CE6EC669E77C}"
EndProject
Project("{FAE04EC0-301F-11D3-BF4B-00C04F79EFBC}") = "LogicaNegocio", "LogicaNegocio\LogicaNegocio.csproj", "{01E1E8C9-47D3-436E-91C8-12F4B67CAFFF}"
EndProject
Project("{FAE04EC0-301F-11D3-BF4B-00C04F79EFBC}") = "SimulacionBD", "Persistencia\SimulacionBD.csproj", "{61F7DDF1-36DE-478B-8D09-B27AEBED2C9C}"
EndProject
Project("{FAE04EC0-301F-11D3-BF4B-00C04F79EFBC}") = "Presentacion", "Presentacion\Presentacion.csproj", "{AFC514E6-67D7-4CF6-A328-C4B744DBDC96}"
EndProject
Project("{FAE04EC0-301F-11D3-BF4B-00C04F79EFBC}") = "PersistenciaCliente", "PersistenciaCliente\PersistenciaCliente.csproj", "{DE0E3A24-5A3A-4A90-A700-186F0FBDA14E}"
EndProject
Project("{FAE04EC0-301F-11D3-BF4B-00C04F79EFBC}") = "PersistenciaVehiculo", "PersistenciaVehiculo\PersistenciaVehiculo.csproj", "{7430ECCC-B3C1-406C-A7AE-1DBE074D46D6}"
EndProject
Project("{FAE04EC0-301F-11D3-BF4B-00C04F79EFBC}") = "PersistenciaPresupuesto", "PersistenciaPresupuesto\PersistenciaPresupuesto.csproj", "{C8DBB085-9FEA-48D7-AE70-565F9817CCC8}"
EndProject
Global
	GlobalSection(SolutionConfigurationPlatforms) = preSolution
		Debug|Any CPU = Debug|Any CPU
		Release|Any CPU = Release|Any CPU
	EndGlobalSection
	GlobalSection(ProjectConfigurationPlatforms) = postSolution
		{8B9D1548-D3DE-4376-8F52-CE6EC669E77C}.Debug|Any CPU.ActiveCfg = Debug|Any CPU
		{8B9D1548-D3DE-4376-8F52-CE6EC669E77C}.Debug|Any CPU.Build.0 = Debug|Any CPU
		{8B9D1548-D3DE-4376-8F52-CE6EC669E77C}.Release|Any CPU.ActiveCfg = Release|Any CPU
		{8B9D1548-D3DE-4376-8F52-CE6EC669E77C}.Release|Any CPU.Build.0 = Release|Any CPU
		{01E1E8C9-47D3-436E-91C8-12F4B67CAFFF}.Debug|Any CPU.ActiveCfg = Debug|Any CPU
		{01E1E8C9-47D3-436E-91C8-12F4B67CAFFF}.Debug|Any CPU.Build.0 = Debug|Any CPU
		{01E1E8C9-47D3-436E-91C8-12F4B67CAFFF}.Release|Any CPU.ActiveCfg = Release|Any CPU
		{01E1E8C9-47D3-436E-91C8-12F4B67CAFFF}.Release|Any CPU.Build.0 = Release|Any CPU
		{61F7DDF1-36DE-478B-8D09-B27AEBED2C9C}.Debug|Any CPU.ActiveCfg = Debug|Any CPU
		{61F7DDF1-36DE-478B-8D09-B27AEBED2C9C}.Debug|Any CPU.Build.0 = Debug|Any CPU
		{61F7DDF1-36DE-478B-8D09-B27AEBED2C9C}.Release|Any CPU.ActiveCfg = Release|Any CPU
		{61F7DDF1-36DE-478B-8D09-B27AEBED2C9C}.Release|Any CPU.Build.0 = Release|Any CPU
		{AFC514E6-67D7-4CF6-A328-C4B744DBDC96}.Debug|Any CPU.ActiveCfg = Debug|Any CPU
		{AFC514E6-67D7-4CF6-A328-C4B744DBDC96}.Debug|Any CPU.Build.0 = Debug|Any CPU
		{AFC514E6-67D7-4CF6-A328-C4B744DBDC96}.Release|Any CPU.ActiveCfg = Release|Any CPU
		{AFC514E6-67D7-4CF6-A328-C4B744DBDC96}.Release|Any CPU.Build.0 = Release|Any CPU
		{DE0E3A24-5A3A-4A90-A700-186F0FBDA14E}.Debug|Any CPU.ActiveCfg = Debug|Any CPU
		{DE0E3A24-5A3A-4A90-A700-186F0FBDA14E}.Debug|Any CPU.Build.0 = Debug|Any CPU
		{DE0E3A24-5A3A-4A90-A700-186F0FBDA14E}.Release|Any CPU.ActiveCfg = Release|Any CPU
		{DE0E3A24-5A3A-4A90-A700-186F0FBDA14E}.Release|Any CPU.Build.0 = Release|Any CPU
		{7430ECCC-B3C1-406C-A7AE-1DBE074D46D6}.Debug|Any CPU.ActiveCfg = Debug|Any CPU
		{7430ECCC-B3C1-406C-A7AE-1DBE074D46D6}.Debug|Any CPU.Build.0 = Debug|Any CPU
		{7430ECCC-B3C1-406C-A7AE-1DBE074D46D6}.Release|Any CPU.ActiveCfg = Release|Any CPU
		{7430ECCC-B3C1-406C-A7AE-1DBE074D46D6}.Release|Any CPU.Build.0 = Release|Any CPU
		{C8DBB085-9FEA-48D7-AE70-565F9817CCC8}.Debug|Any CPU.ActiveCfg = Debug|Any CPU
		{C8DBB085-9FEA-48D7-AE70-565F9817CCC8}.Debug|Any CPU.Build.0 = Debug|Any CPU
		{C8DBB085-9FEA-48D7-AE70-565F9817CCC8}.Release|Any CPU.ActiveCfg = Release|Any CPU
		{C8DBB085-9FEA-48D7-AE70-565F9817CCC8}.Release|Any CPU.Build.0 = Release|Any CPU
	EndGlobalSection
	GlobalSection(SolutionProperties) = preSolution
		HideSolutionNode = FALSE
	EndGlobalSection
	GlobalSection(ExtensibilityGlobals) = postSolution
		SolutionGuid = {230CD2E4-EA24-4AF8-96E2-AF4AAADDAE6D}
	EndGlobalSection
EndGlobal
